
Microsoft Visual Studio Solution File, Format Version 12.00
# Visual Studio Version 16
VisualStudioVersion = 16.0.31019.35
MinimumVisualStudioVersion = 10.0.40219.1
Project("{9A19103F-16F7-4668-BE54-9A1E7A4F7556}") = "MyFirstLibrary", "MyFirstLibrary\MyFirstLibrary.csproj", "{63ECCBE5-0972-45C2-8381-4FDA09EDC091}"
EndProject
Project("{FAE04EC0-301F-11D3-BF4B-00C04F79EFBC}") = "Unit.Test", "Unit.Test\Unit.Test.csproj", "{9F72F4AD-D843-4AB6-A694-BBFCC64E6883}"
EndProject
Global
	GlobalSection(SolutionConfigurationPlatforms) = preSolution
		Debug|Any CPU = Debug|Any CPU
		Release|Any CPU = Release|Any CPU
	EndGlobalSection
	GlobalSection(ProjectConfigurationPlatforms) = postSolution
		{63ECCBE5-0972-45C2-8381-4FDA09EDC091}.Debug|Any CPU.ActiveCfg = Debug|Any CPU
		{63ECCBE5-0972-45C2-8381-4FDA09EDC091}.Debug|Any CPU.Build.0 = Debug|Any CPU
		{63ECCBE5-0972-45C2-8381-4FDA09EDC091}.Release|Any CPU.ActiveCfg = Release|Any CPU
		{63ECCBE5-0972-45C2-8381-4FDA09EDC091}.Release|Any CPU.Build.0 = Release|Any CPU
		{9F72F4AD-D843-4AB6-A694-BBFCC64E6883}.Debug|Any CPU.ActiveCfg = Debug|Any CPU
		{9F72F4AD-D843-4AB6-A694-BBFCC64E6883}.Debug|Any CPU.Build.0 = Debug|Any CPU
		{9F72F4AD-D843-4AB6-A694-BBFCC64E6883}.Release|Any CPU.ActiveCfg = Release|Any CPU
		{9F72F4AD-D843-4AB6-A694-BBFCC64E6883}.Release|Any CPU.Build.0 = Release|Any CPU
	EndGlobalSection
	GlobalSection(SolutionProperties) = preSolution
		HideSolutionNode = FALSE
	EndGlobalSection
	GlobalSection(ExtensibilityGlobals) = postSolution
		SolutionGuid = {97E238F9-B313-4320-9BD7-3BF39F465F8D}
	EndGlobalSection
EndGlobal
